// !$*UTF8*$!
{
	archiveVersion = 1;
	classes = {
	};
	objectVersion = 46;
	objects = {

/* Begin PBXBuildFile section */
		4926A22C1AD2C637000FDF43 /* AppDelegate.swift in Sources */ = {isa = PBXBuildFile; fileRef = 4926A22B1AD2C637000FDF43 /* AppDelegate.swift */; };
		4926A22E1AD2C637000FDF43 /* VigourViewController.swift in Sources */ = {isa = PBXBuildFile; fileRef = 4926A22D1AD2C637000FDF43 /* VigourViewController.swift */; };
		4926A2311AD2C637000FDF43 /* Main.storyboard in Resources */ = {isa = PBXBuildFile; fileRef = 4926A22F1AD2C637000FDF43 /* Main.storyboard */; };
		4926A2331AD2C637000FDF43 /* Images.xcassets in Resources */ = {isa = PBXBuildFile; fileRef = 4926A2321AD2C637000FDF43 /* Images.xcassets */; };
		4926A2421AD2C637000FDF43 /* vigour_nativeTests.swift in Sources */ = {isa = PBXBuildFile; fileRef = 4926A2411AD2C637000FDF43 /* vigour_nativeTests.swift */; };
		4926A24C1AD2CCEF000FDF43 /* MainController.swift in Sources */ = {isa = PBXBuildFile; fileRef = 4926A24B1AD2CCEF000FDF43 /* MainController.swift */; };
		4938ECF01B95F92F0092CF80 /* VigourBridgeReceiveMessage.swift in Sources */ = {isa = PBXBuildFile; fileRef = 49B9B3271AD7BDDC0088820E /* VigourBridgeReceiveMessage.swift */; };
		49423C3C1AD689CC00B53589 /* VigourBridge.swift in Sources */ = {isa = PBXBuildFile; fileRef = 49423C391AD689CC00B53589 /* VigourBridge.swift */; };
		49423C411AD689E000B53589 /* VigourPlugin.swift in Sources */ = {isa = PBXBuildFile; fileRef = 49423C401AD689E000B53589 /* VigourPlugin.swift */; };
		49423C421AD689E000B53589 /* VigourPlugin.swift in Sources */ = {isa = PBXBuildFile; fileRef = 49423C401AD689E000B53589 /* VigourPlugin.swift */; };
		49423C441AD6A5EB00B53589 /* Logger.swift in Sources */ = {isa = PBXBuildFile; fileRef = 49423C431AD6A5EB00B53589 /* Logger.swift */; };
		49423C451AD6A5EB00B53589 /* Logger.swift in Sources */ = {isa = PBXBuildFile; fileRef = 49423C431AD6A5EB00B53589 /* Logger.swift */; };
		49423C481AD6AFD100B53589 /* VigourPluginManager.swift in Sources */ = {isa = PBXBuildFile; fileRef = 49423C471AD6AFD100B53589 /* VigourPluginManager.swift */; };
		49423C491AD6AFD100B53589 /* VigourPluginManager.swift in Sources */ = {isa = PBXBuildFile; fileRef = 49423C471AD6AFD100B53589 /* VigourPluginManager.swift */; };
		49442BAE1B9CDCE6004E78BF /* VigourPluginRegistration.swift in Sources */ = {isa = PBXBuildFile; fileRef = 49442BAD1B9CDCE6004E78BF /* VigourPluginRegistration.swift */; };
		49442BAF1B9CDCE6004E78BF /* VigourPluginRegistration.swift in Sources */ = {isa = PBXBuildFile; fileRef = 49442BAD1B9CDCE6004E78BF /* VigourPluginRegistration.swift */; };
		49442BB01B9CEBE1004E78BF /* VigourBridge.swift in Sources */ = {isa = PBXBuildFile; fileRef = 49423C391AD689CC00B53589 /* VigourBridge.swift */; };
		49442BB11B9CECA9004E78BF /* VigourViewController.swift in Sources */ = {isa = PBXBuildFile; fileRef = 4926A22D1AD2C637000FDF43 /* VigourViewController.swift */; };
		49442BB21B9CECBA004E78BF /* AppDelegate.swift in Sources */ = {isa = PBXBuildFile; fileRef = 4926A22B1AD2C637000FDF43 /* AppDelegate.swift */; };
		49442BB31B9CECC0004E78BF /* MainController.swift in Sources */ = {isa = PBXBuildFile; fileRef = 4926A24B1AD2CCEF000FDF43 /* MainController.swift */; };
		49A6361B1BBDB8A6009E72C4 /* VigourBridgeSendMessage.swift in Sources */ = {isa = PBXBuildFile; fileRef = 49E417181BB952F200067AC8 /* VigourBridgeSendMessage.swift */; };
		49B9B3281AD7BDDC0088820E /* VigourBridgeReceiveMessage.swift in Sources */ = {isa = PBXBuildFile; fileRef = 49B9B3271AD7BDDC0088820E /* VigourBridgeReceiveMessage.swift */; };
		49C5ED8A1AD559F800DA670C /* www in Resources */ = {isa = PBXBuildFile; fileRef = 49C5ED891AD559F800DA670C /* www */; };
		49C5ED8B1AD559F800DA670C /* www in Resources */ = {isa = PBXBuildFile; fileRef = 49C5ED891AD559F800DA670C /* www */; };
		49C5ED941AD5ACAB00DA670C /* Utils.swift in Sources */ = {isa = PBXBuildFile; fileRef = 49C5ED931AD5ACAB00DA670C /* Utils.swift */; };
		49C5ED951AD5ACAB00DA670C /* Utils.swift in Sources */ = {isa = PBXBuildFile; fileRef = 49C5ED931AD5ACAB00DA670C /* Utils.swift */; };
		49C5ED981AD5AFFC00DA670C /* WebKit.framework in Frameworks */ = {isa = PBXBuildFile; fileRef = 49C5ED971AD5AFFC00DA670C /* WebKit.framework */; };
		49E417191BB952F200067AC8 /* VigourBridgeSendMessage.swift in Sources */ = {isa = PBXBuildFile; fileRef = 49E417181BB952F200067AC8 /* VigourBridgeSendMessage.swift */; };
/* End PBXBuildFile section */

/* Begin PBXContainerItemProxy section */
		4926A23C1AD2C637000FDF43 /* PBXContainerItemProxy */ = {
			isa = PBXContainerItemProxy;
			containerPortal = 4926A21E1AD2C637000FDF43 /* Project object */;
			proxyType = 1;
			remoteGlobalIDString = 4926A2251AD2C637000FDF43;
			remoteInfo = "vigour-native";
		};
/* End PBXContainerItemProxy section */

/* Begin PBXFileReference section */
		4926A2261AD2C637000FDF43 /* vigour-native.app */ = {isa = PBXFileReference; explicitFileType = wrapper.application; includeInIndex = 0; path = "vigour-native.app"; sourceTree = BUILT_PRODUCTS_DIR; };
		4926A22A1AD2C637000FDF43 /* Info.plist */ = {isa = PBXFileReference; lastKnownFileType = text.plist.xml; path = Info.plist; sourceTree = "<group>"; };
		4926A22B1AD2C637000FDF43 /* AppDelegate.swift */ = {isa = PBXFileReference; lastKnownFileType = sourcecode.swift; path = AppDelegate.swift; sourceTree = "<group>"; };
		4926A22D1AD2C637000FDF43 /* VigourViewController.swift */ = {isa = PBXFileReference; lastKnownFileType = sourcecode.swift; path = VigourViewController.swift; sourceTree = "<group>"; };
		4926A2301AD2C637000FDF43 /* Base */ = {isa = PBXFileReference; lastKnownFileType = file.storyboard; name = Base; path = Base.lproj/Main.storyboard; sourceTree = "<group>"; };
		4926A2321AD2C637000FDF43 /* Images.xcassets */ = {isa = PBXFileReference; lastKnownFileType = folder.assetcatalog; path = Images.xcassets; sourceTree = "<group>"; };
		4926A23B1AD2C637000FDF43 /* vigour-nativeTests.xctest */ = {isa = PBXFileReference; explicitFileType = wrapper.cfbundle; includeInIndex = 0; path = "vigour-nativeTests.xctest"; sourceTree = BUILT_PRODUCTS_DIR; };
		4926A2401AD2C637000FDF43 /* Info.plist */ = {isa = PBXFileReference; lastKnownFileType = text.plist.xml; path = Info.plist; sourceTree = "<group>"; };
		4926A2411AD2C637000FDF43 /* vigour_nativeTests.swift */ = {isa = PBXFileReference; lastKnownFileType = sourcecode.swift; path = vigour_nativeTests.swift; sourceTree = "<group>"; };
		4926A24B1AD2CCEF000FDF43 /* MainController.swift */ = {isa = PBXFileReference; fileEncoding = 4; lastKnownFileType = sourcecode.swift; path = MainController.swift; sourceTree = "<group>"; };
		49423C391AD689CC00B53589 /* VigourBridge.swift */ = {isa = PBXFileReference; fileEncoding = 4; lastKnownFileType = sourcecode.swift; path = VigourBridge.swift; sourceTree = "<group>"; };
		49423C401AD689E000B53589 /* VigourPlugin.swift */ = {isa = PBXFileReference; fileEncoding = 4; lastKnownFileType = sourcecode.swift; path = VigourPlugin.swift; sourceTree = "<group>"; };
		49423C431AD6A5EB00B53589 /* Logger.swift */ = {isa = PBXFileReference; fileEncoding = 4; lastKnownFileType = sourcecode.swift; path = Logger.swift; sourceTree = "<group>"; };
		49423C461AD6A7C800B53589 /* Play.playground */ = {isa = PBXFileReference; lastKnownFileType = file.playground; name = Play.playground; path = "vigour-native/Play.playground"; sourceTree = "<group>"; };
		49423C471AD6AFD100B53589 /* VigourPluginManager.swift */ = {isa = PBXFileReference; fileEncoding = 4; lastKnownFileType = sourcecode.swift; path = VigourPluginManager.swift; sourceTree = "<group>"; };
		49442BAD1B9CDCE6004E78BF /* VigourPluginRegistration.swift */ = {isa = PBXFileReference; fileEncoding = 4; lastKnownFileType = sourcecode.swift; path = VigourPluginRegistration.swift; sourceTree = "<group>"; };
		49B9B3271AD7BDDC0088820E /* VigourBridgeReceiveMessage.swift */ = {isa = PBXFileReference; fileEncoding = 4; lastKnownFileType = sourcecode.swift; path = VigourBridgeReceiveMessage.swift; sourceTree = "<group>"; };
		49C5ED891AD559F800DA670C /* www */ = {isa = PBXFileReference; lastKnownFileType = folder; path = www; sourceTree = "<group>"; };
		49C5ED931AD5ACAB00DA670C /* Utils.swift */ = {isa = PBXFileReference; fileEncoding = 4; lastKnownFileType = sourcecode.swift; path = Utils.swift; sourceTree = "<group>"; };
		49C5ED971AD5AFFC00DA670C /* WebKit.framework */ = {isa = PBXFileReference; lastKnownFileType = wrapper.framework; name = WebKit.framework; path = System/Library/Frameworks/WebKit.framework; sourceTree = SDKROOT; };
		49E417181BB952F200067AC8 /* VigourBridgeSendMessage.swift */ = {isa = PBXFileReference; fileEncoding = 4; lastKnownFileType = sourcecode.swift; path = VigourBridgeSendMessage.swift; sourceTree = "<group>"; };
/* End PBXFileReference section */

/* Begin PBXFrameworksBuildPhase section */
		4926A2231AD2C637000FDF43 /* Frameworks */ = {
			isa = PBXFrameworksBuildPhase;
			buildActionMask = 2147483647;
			files = (
				49C5ED981AD5AFFC00DA670C /* WebKit.framework in Frameworks */,
			);
			runOnlyForDeploymentPostprocessing = 0;
		};
		4926A2381AD2C637000FDF43 /* Frameworks */ = {
			isa = PBXFrameworksBuildPhase;
			buildActionMask = 2147483647;
			files = (
			);
			runOnlyForDeploymentPostprocessing = 0;
		};
/* End PBXFrameworksBuildPhase section */

/* Begin PBXGroup section */
		4926A21D1AD2C637000FDF43 = {
			isa = PBXGroup;
			children = (
				49423C461AD6A7C800B53589 /* Play.playground */,
				49C5ED891AD559F800DA670C /* www */,
				4926A2281AD2C637000FDF43 /* vigour-native */,
				4926A23E1AD2C637000FDF43 /* vigour-nativeTests */,
				4926A2271AD2C637000FDF43 /* Products */,
				49C5ED9B1AD5B12100DA670C /* Frameworks */,
			);
			sourceTree = "<group>";
		};
		4926A2271AD2C637000FDF43 /* Products */ = {
			isa = PBXGroup;
			children = (
				4926A2261AD2C637000FDF43 /* vigour-native.app */,
				4926A23B1AD2C637000FDF43 /* vigour-nativeTests.xctest */,
			);
			name = Products;
			sourceTree = "<group>";
		};
		4926A2281AD2C637000FDF43 /* vigour-native */ = {
			isa = PBXGroup;
			children = (
				49423C381AD689CC00B53589 /* Bridge */,
				49423C3B1AD689CC00B53589 /* Plugin */,
				4926A22B1AD2C637000FDF43 /* AppDelegate.swift */,
				4926A22D1AD2C637000FDF43 /* VigourViewController.swift */,
				4926A22F1AD2C637000FDF43 /* Main.storyboard */,
				4926A2321AD2C637000FDF43 /* Images.xcassets */,
				4926A2291AD2C637000FDF43 /* Supporting Files */,
				4926A24B1AD2CCEF000FDF43 /* MainController.swift */,
				49C5ED931AD5ACAB00DA670C /* Utils.swift */,
			);
			path = "vigour-native";
			sourceTree = "<group>";
		};
		4926A2291AD2C637000FDF43 /* Supporting Files */ = {
			isa = PBXGroup;
			children = (
				4926A22A1AD2C637000FDF43 /* Info.plist */,
			);
			name = "Supporting Files";
			sourceTree = "<group>";
		};
		4926A23E1AD2C637000FDF43 /* vigour-nativeTests */ = {
			isa = PBXGroup;
			children = (
				4926A2411AD2C637000FDF43 /* vigour_nativeTests.swift */,
				4926A23F1AD2C637000FDF43 /* Supporting Files */,
			);
			path = "vigour-nativeTests";
			sourceTree = "<group>";
		};
		4926A23F1AD2C637000FDF43 /* Supporting Files */ = {
			isa = PBXGroup;
			children = (
				4926A2401AD2C637000FDF43 /* Info.plist */,
			);
			name = "Supporting Files";
			sourceTree = "<group>";
		};
		49423C381AD689CC00B53589 /* Bridge */ = {
			isa = PBXGroup;
			children = (
				49423C391AD689CC00B53589 /* VigourBridge.swift */,
				49B9B3271AD7BDDC0088820E /* VigourBridgeReceiveMessage.swift */,
				49E417181BB952F200067AC8 /* VigourBridgeSendMessage.swift */,
			);
			path = Bridge;
			sourceTree = "<group>";
		};
		49423C3B1AD689CC00B53589 /* Plugin */ = {
			isa = PBXGroup;
			children = (
				49423C471AD6AFD100B53589 /* VigourPluginManager.swift */,
				49423C401AD689E000B53589 /* VigourPlugin.swift */,
				49423C431AD6A5EB00B53589 /* Logger.swift */,
				49442BAD1B9CDCE6004E78BF /* VigourPluginRegistration.swift */,
			);
			path = Plugin;
			sourceTree = "<group>";
		};
		49C5ED9B1AD5B12100DA670C /* Frameworks */ = {
			isa = PBXGroup;
			children = (
				49C5ED971AD5AFFC00DA670C /* WebKit.framework */,
			);
			name = Frameworks;
			sourceTree = "<group>";
		};
/* End PBXGroup section */

/* Begin PBXNativeTarget section */
		4926A2251AD2C637000FDF43 /* vigour-native */ = {
			isa = PBXNativeTarget;
			buildConfigurationList = 4926A2451AD2C637000FDF43 /* Build configuration list for PBXNativeTarget "vigour-native" */;
			buildPhases = (
				4926A2221AD2C637000FDF43 /* Sources */,
				4926A2231AD2C637000FDF43 /* Frameworks */,
				4926A2241AD2C637000FDF43 /* Resources */,
			);
			buildRules = (
			);
			dependencies = (
			);
			name = "vigour-native";
			productName = "vigour-native";
			productReference = 4926A2261AD2C637000FDF43 /* vigour-native.app */;
			productType = "com.apple.product-type.application";
		};
		4926A23A1AD2C637000FDF43 /* vigour-nativeTests */ = {
			isa = PBXNativeTarget;
			buildConfigurationList = 4926A2481AD2C637000FDF43 /* Build configuration list for PBXNativeTarget "vigour-nativeTests" */;
			buildPhases = (
				4926A2371AD2C637000FDF43 /* Sources */,
				4926A2381AD2C637000FDF43 /* Frameworks */,
				4926A2391AD2C637000FDF43 /* Resources */,
			);
			buildRules = (
			);
			dependencies = (
				4926A23D1AD2C637000FDF43 /* PBXTargetDependency */,
			);
			name = "vigour-nativeTests";
			productName = "vigour-nativeTests";
			productReference = 4926A23B1AD2C637000FDF43 /* vigour-nativeTests.xctest */;
			productType = "com.apple.product-type.bundle.unit-test";
		};
/* End PBXNativeTarget section */

/* Begin PBXProject section */
		4926A21E1AD2C637000FDF43 /* Project object */ = {
			isa = PBXProject;
			attributes = {
				LastSwiftMigration = 0700;
				LastSwiftUpdateCheck = 0700;
				LastUpgradeCheck = 0710;
				ORGANIZATIONNAME = Vigour.io;
				TargetAttributes = {
					4926A2251AD2C637000FDF43 = {
						CreatedOnToolsVersion = 6.2;
					};
					4926A23A1AD2C637000FDF43 = {
						CreatedOnToolsVersion = 6.2;
						TestTargetID = 4926A2251AD2C637000FDF43;
					};
				};
			};
			buildConfigurationList = 4926A2211AD2C637000FDF43 /* Build configuration list for PBXProject "vigour-native" */;
			compatibilityVersion = "Xcode 3.2";
			developmentRegion = English;
			hasScannedForEncodings = 0;
			knownRegions = (
				en,
				Base,
			);
			mainGroup = 4926A21D1AD2C637000FDF43;
			productRefGroup = 4926A2271AD2C637000FDF43 /* Products */;
			projectDirPath = "";
			projectRoot = "";
			targets = (
				4926A2251AD2C637000FDF43 /* vigour-native */,
				4926A23A1AD2C637000FDF43 /* vigour-nativeTests */,
			);
		};
/* End PBXProject section */

/* Begin PBXResourcesBuildPhase section */
		4926A2241AD2C637000FDF43 /* Resources */ = {
			isa = PBXResourcesBuildPhase;
			buildActionMask = 2147483647;
			files = (
				49C5ED8A1AD559F800DA670C /* www in Resources */,
				4926A2311AD2C637000FDF43 /* Main.storyboard in Resources */,
				4926A2331AD2C637000FDF43 /* Images.xcassets in Resources */,
			);
			runOnlyForDeploymentPostprocessing = 0;
		};
		4926A2391AD2C637000FDF43 /* Resources */ = {
			isa = PBXResourcesBuildPhase;
			buildActionMask = 2147483647;
			files = (
				49C5ED8B1AD559F800DA670C /* www in Resources */,
			);
			runOnlyForDeploymentPostprocessing = 0;
		};
/* End PBXResourcesBuildPhase section */

/* Begin PBXSourcesBuildPhase section */
		4926A2221AD2C637000FDF43 /* Sources */ = {
			isa = PBXSourcesBuildPhase;
			buildActionMask = 2147483647;
			files = (
				4926A22E1AD2C637000FDF43 /* VigourViewController.swift in Sources */,
				49442BAE1B9CDCE6004E78BF /* VigourPluginRegistration.swift in Sources */,
				49E417191BB952F200067AC8 /* VigourBridgeSendMessage.swift in Sources */,
				4926A24C1AD2CCEF000FDF43 /* MainController.swift in Sources */,
				49423C481AD6AFD100B53589 /* VigourPluginManager.swift in Sources */,
				49423C3C1AD689CC00B53589 /* VigourBridge.swift in Sources */,
				49B9B3281AD7BDDC0088820E /* VigourBridgeReceiveMessage.swift in Sources */,
				4926A22C1AD2C637000FDF43 /* AppDelegate.swift in Sources */,
				49423C411AD689E000B53589 /* VigourPlugin.swift in Sources */,
				49C5ED941AD5ACAB00DA670C /* Utils.swift in Sources */,
				49423C441AD6A5EB00B53589 /* Logger.swift in Sources */,
			);
			runOnlyForDeploymentPostprocessing = 0;
		};
		4926A2371AD2C637000FDF43 /* Sources */ = {
			isa = PBXSourcesBuildPhase;
			buildActionMask = 2147483647;
			files = (
				4926A2421AD2C637000FDF43 /* vigour_nativeTests.swift in Sources */,
				49442BAF1B9CDCE6004E78BF /* VigourPluginRegistration.swift in Sources */,
				4938ECF01B95F92F0092CF80 /* VigourBridgeReceiveMessage.swift in Sources */,
				49423C491AD6AFD100B53589 /* VigourPluginManager.swift in Sources */,
				49A6361B1BBDB8A6009E72C4 /* VigourBridgeSendMessage.swift in Sources */,
				49423C421AD689E000B53589 /* VigourPlugin.swift in Sources */,
				49C5ED951AD5ACAB00DA670C /* Utils.swift in Sources */,
				49442BB11B9CECA9004E78BF /* VigourViewController.swift in Sources */,
				49442BB31B9CECC0004E78BF /* MainController.swift in Sources */,
				49442BB01B9CEBE1004E78BF /* VigourBridge.swift in Sources */,
				49442BB21B9CECBA004E78BF /* AppDelegate.swift in Sources */,
				49423C451AD6A5EB00B53589 /* Logger.swift in Sources */,
			);
			runOnlyForDeploymentPostprocessing = 0;
		};
/* End PBXSourcesBuildPhase section */

/* Begin PBXTargetDependency section */
		4926A23D1AD2C637000FDF43 /* PBXTargetDependency */ = {
			isa = PBXTargetDependency;
			target = 4926A2251AD2C637000FDF43 /* vigour-native */;
			targetProxy = 4926A23C1AD2C637000FDF43 /* PBXContainerItemProxy */;
		};
/* End PBXTargetDependency section */

/* Begin PBXVariantGroup section */
		4926A22F1AD2C637000FDF43 /* Main.storyboard */ = {
			isa = PBXVariantGroup;
			children = (
				4926A2301AD2C637000FDF43 /* Base */,
			);
			name = Main.storyboard;
			sourceTree = "<group>";
		};
/* End PBXVariantGroup section */

/* Begin XCBuildConfiguration section */
		4926A2431AD2C637000FDF43 /* Debug */ = {
			isa = XCBuildConfiguration;
			buildSettings = {
				ALWAYS_SEARCH_USER_PATHS = NO;
				CLANG_CXX_LANGUAGE_STANDARD = "gnu++0x";
				CLANG_CXX_LIBRARY = "libc++";
				CLANG_ENABLE_MODULES = YES;
				CLANG_ENABLE_OBJC_ARC = YES;
				CLANG_WARN_BOOL_CONVERSION = YES;
				CLANG_WARN_CONSTANT_CONVERSION = YES;
				CLANG_WARN_DIRECT_OBJC_ISA_USAGE = YES_ERROR;
				CLANG_WARN_EMPTY_BODY = YES;
				CLANG_WARN_ENUM_CONVERSION = YES;
				CLANG_WARN_INT_CONVERSION = YES;
				CLANG_WARN_OBJC_ROOT_CLASS = YES_ERROR;
				CLANG_WARN_UNREACHABLE_CODE = YES;
				CLANG_WARN__DUPLICATE_METHOD_MATCH = YES;
				"CODE_SIGN_IDENTITY[sdk=iphoneos*]" = "iPhone Developer";
				COPY_PHASE_STRIP = NO;
				ENABLE_STRICT_OBJC_MSGSEND = YES;
				ENABLE_TESTABILITY = YES;
				GCC_C_LANGUAGE_STANDARD = gnu99;
				GCC_DYNAMIC_NO_PIC = NO;
				GCC_OPTIMIZATION_LEVEL = 0;
				GCC_PREPROCESSOR_DEFINITIONS = (
					"DEBUG=1",
					"$(inherited)",
				);
				GCC_SYMBOLS_PRIVATE_EXTERN = NO;
				GCC_WARN_64_TO_32_BIT_CONVERSION = YES;
				GCC_WARN_ABOUT_RETURN_TYPE = YES_ERROR;
				GCC_WARN_UNDECLARED_SELECTOR = YES;
				GCC_WARN_UNINITIALIZED_AUTOS = YES_AGGRESSIVE;
				GCC_WARN_UNUSED_FUNCTION = YES;
				GCC_WARN_UNUSED_VARIABLE = YES;
				IPHONEOS_DEPLOYMENT_TARGET = 9.0;
				MTL_ENABLE_DEBUG_INFO = YES;
				ONLY_ACTIVE_ARCH = YES;
				OTHER_SWIFT_FLAGS = "-D DEBUG";
				SDKROOT = iphoneos;
				SWIFT_OPTIMIZATION_LEVEL = "-Onone";
				TARGETED_DEVICE_FAMILY = "1,2";
			};
			name = Debug;
		};
		4926A2441AD2C637000FDF43 /* Release */ = {
			isa = XCBuildConfiguration;
			buildSettings = {
				ALWAYS_SEARCH_USER_PATHS = NO;
				CLANG_CXX_LANGUAGE_STANDARD = "gnu++0x";
				CLANG_CXX_LIBRARY = "libc++";
				CLANG_ENABLE_MODULES = YES;
				CLANG_ENABLE_OBJC_ARC = YES;
				CLANG_WARN_BOOL_CONVERSION = YES;
				CLANG_WARN_CONSTANT_CONVERSION = YES;
				CLANG_WARN_DIRECT_OBJC_ISA_USAGE = YES_ERROR;
				CLANG_WARN_EMPTY_BODY = YES;
				CLANG_WARN_ENUM_CONVERSION = YES;
				CLANG_WARN_INT_CONVERSION = YES;
				CLANG_WARN_OBJC_ROOT_CLASS = YES_ERROR;
				CLANG_WARN_UNREACHABLE_CODE = YES;
				CLANG_WARN__DUPLICATE_METHOD_MATCH = YES;
				"CODE_SIGN_IDENTITY[sdk=iphoneos*]" = "iPhone Developer";
				COPY_PHASE_STRIP = NO;
				ENABLE_NS_ASSERTIONS = NO;
				ENABLE_STRICT_OBJC_MSGSEND = YES;
				GCC_C_LANGUAGE_STANDARD = gnu99;
				GCC_PREPROCESSOR_DEFINITIONS = "";
				GCC_WARN_64_TO_32_BIT_CONVERSION = YES;
				GCC_WARN_ABOUT_RETURN_TYPE = YES_ERROR;
				GCC_WARN_UNDECLARED_SELECTOR = YES;
				GCC_WARN_UNINITIALIZED_AUTOS = YES_AGGRESSIVE;
				GCC_WARN_UNUSED_FUNCTION = YES;
				GCC_WARN_UNUSED_VARIABLE = YES;
				IPHONEOS_DEPLOYMENT_TARGET = 9.0;
				MTL_ENABLE_DEBUG_INFO = NO;
				OTHER_SWIFT_FLAGS = "-D DEBUG";
				SDKROOT = iphoneos;
				TARGETED_DEVICE_FAMILY = "1,2";
				VALIDATE_PRODUCT = YES;
			};
			name = Release;
		};
		4926A2461AD2C637000FDF43 /* Debug */ = {
			isa = XCBuildConfiguration;
			buildSettings = {
				ASSETCATALOG_COMPILER_APPICON_NAME = AppIcon;
				ASSETCATALOG_COMPILER_LAUNCHIMAGE_NAME = LaunchImage;
				INFOPLIST_FILE = "vigour-native/Info.plist";
				IPHONEOS_DEPLOYMENT_TARGET = 9.0;
				LD_RUNPATH_SEARCH_PATHS = "$(inherited) @executable_path/Frameworks";
				PRODUCT_BUNDLE_IDENTIFIER = "com.mobile.$(PRODUCT_NAME:rfc1034identifier)";
				PRODUCT_NAME = "$(TARGET_NAME)";
			};
			name = Debug;
		};
		4926A2471AD2C637000FDF43 /* Release */ = {
			isa = XCBuildConfiguration;
			buildSettings = {
				ASSETCATALOG_COMPILER_APPICON_NAME = AppIcon;
				ASSETCATALOG_COMPILER_LAUNCHIMAGE_NAME = LaunchImage;
				INFOPLIST_FILE = "vigour-native/Info.plist";
				IPHONEOS_DEPLOYMENT_TARGET = 9.0;
				LD_RUNPATH_SEARCH_PATHS = "$(inherited) @executable_path/Frameworks";
				PRODUCT_BUNDLE_IDENTIFIER = "com.mobile.$(PRODUCT_NAME:rfc1034identifier)";
				PRODUCT_NAME = "$(TARGET_NAME)";
			};
			name = Release;
		};
		4926A2491AD2C637000FDF43 /* Debug */ = {
			isa = XCBuildConfiguration;
			buildSettings = {
				BUNDLE_LOADER = "$(TEST_HOST)";
				FRAMEWORK_SEARCH_PATHS = (
					"$(SDKROOT)/Developer/Library/Frameworks",
					"$(inherited)",
				);
				GCC_PREPROCESSOR_DEFINITIONS = (
					"DEBUG=1",
					"$(inherited)",
				);
				INFOPLIST_FILE = "vigour-nativeTests/Info.plist";
				LD_RUNPATH_SEARCH_PATHS = "$(inherited) @executable_path/Frameworks @loader_path/Frameworks";
				PRODUCT_BUNDLE_IDENTIFIER = "com.mobile.$(PRODUCT_NAME:rfc1034identifier)";
				PRODUCT_NAME = "$(TARGET_NAME)";
				TEST_HOST = "$(BUILT_PRODUCTS_DIR)/vigour-native.app/vigour-native";
			};
			name = Debug;
		};
		4926A24A1AD2C637000FDF43 /* Release */ = {
			isa = XCBuildConfiguration;
			buildSettings = {
				BUNDLE_LOADER = "$(TEST_HOST)";
				FRAMEWORK_SEARCH_PATHS = (
					"$(SDKROOT)/Developer/Library/Frameworks",
					"$(inherited)",
				);
				INFOPLIST_FILE = "vigour-nativeTests/Info.plist";
				LD_RUNPATH_SEARCH_PATHS = "$(inherited) @executable_path/Frameworks @loader_path/Frameworks";
				PRODUCT_BUNDLE_IDENTIFIER = "com.mobile.$(PRODUCT_NAME:rfc1034identifier)";
				PRODUCT_NAME = "$(TARGET_NAME)";
				TEST_HOST = "$(BUILT_PRODUCTS_DIR)/vigour-native.app/vigour-native";
			};
			name = Release;
		};
/* End XCBuildConfiguration section */

/* Begin XCConfigurationList section */
		4926A2211AD2C637000FDF43 /* Build configuration list for PBXProject "vigour-native" */ = {
			isa = XCConfigurationList;
			buildConfigurations = (
				4926A2431AD2C637000FDF43 /* Debug */,
				4926A2441AD2C637000FDF43 /* Release */,
			);
			defaultConfigurationIsVisible = 0;
			defaultConfigurationName = Release;
		};
		4926A2451AD2C637000FDF43 /* Build configuration list for PBXNativeTarget "vigour-native" */ = {
			isa = XCConfigurationList;
			buildConfigurations = (
				4926A2461AD2C637000FDF43 /* Debug */,
				4926A2471AD2C637000FDF43 /* Release */,
			);
			defaultConfigurationIsVisible = 0;
			defaultConfigurationName = Release;
		};
		4926A2481AD2C637000FDF43 /* Build configuration list for PBXNativeTarget "vigour-nativeTests" */ = {
			isa = XCConfigurationList;
			buildConfigurations = (
				4926A2491AD2C637000FDF43 /* Debug */,
				4926A24A1AD2C637000FDF43 /* Release */,
			);
			defaultConfigurationIsVisible = 0;
			defaultConfigurationName = Release;
		};
/* End XCConfigurationList section */
	};
	rootObject = 4926A21E1AD2C637000FDF43 /* Project object */;
}
